<?xml version="1.0" encoding="utf-8"?>
<Project ToolsVersion="4.0" xmlns="http://schemas.microsoft.com/developer/msbuild/2003">
  <ItemGroup>
    <Filter Include="Source Files">
      <UniqueIdentifier>{4FC737F1-C7A5-4376-A066-2A32D752A2FF}</UniqueIdentifier>
      <Extensions>cpp;c;cc;cxx;c++;cppm;ixx;def;odl;idl;hpj;bat;asm;asmx</Extensions>
    </Filter>
    <Filter Include="Header Files">
      <UniqueIdentifier>{93995380-89BD-4b04-88EB-625FBE52EBFB}</UniqueIdentifier>
      <Extensions>h;hh;hpp;hxx;h++;hm;inl;inc;ipp;xsd</Extensions>
    </Filter>
    <Filter Include="Resource Files">
      <UniqueIdentifier>{67DA6AB6-F800-4c08-8B7A-83BB121AAD01}</UniqueIdentifier>
      <Extensions>rc;ico;cur;bmp;dlg;rc2;rct;bin;rgs;gif;jpg;jpeg;jpe;resx;tiff;tif;png;wav;mfcribbon-ms</Extensions>
    </Filter>
  </ItemGroup>
  <ItemGroup>
    <ClCompile Include="ConsoleApplication16.cpp">
      <Filter>Source Files</Filter>
    </ClCompile>
    <ClCompile Include="Transport.cpp">
      <Filter>Source Files</Filter>
    </ClCompile>
    <ClCompile Include="Trolleybus.cpp">
      <Filter>Source Files</Filter>
    </ClCompile>
    <ClCompile Include="LAZE183.cpp">
      <Filter>Source Files</Filter>
    </ClCompile>
    <ClCompile Include="ElectronT19101.cpp">
      <Filter>Source Files</Filter>
    </ClCompile>
    <ClCompile Include="Skoda14Tr.cpp">
      <Filter>Source Files</Filter>
    </ClCompile>
    <ClCompile Include="BogdanT601.cpp">
      <Filter>Source Files</Filter>
    </ClCompile>
    <ClCompile Include="ElectronT19102.cpp">
      <Filter>Source Files</Filter>
    </ClCompile>
    <ClCompile Include="Station.cpp">
      <Filter>Source Files</Filter>
    </ClCompile>
    <ClCompile Include="Route.cpp">
      <Filter>Source Files</Filter>
    </ClCompile>
    <ClCompile Include="Trolleybus_Route.cpp">
      <Filter>Source Files</Filter>
    </ClCompile>
    <ClCompile Include="Full_Trolleybus_Route.cpp">
      <Filter>Source Files</Filter>
    </ClCompile>
    <ClCompile Include="Tram.cpp">
      <Filter>Source Files</Filter>
    </ClCompile>
  </ItemGroup>
  <ItemGroup>
    <ClInclude Include="Transport.h">
      <Filter>Header Files</Filter>
    </ClInclude>
    <ClInclude Include="Trolleybus.h">
      <Filter>Header Files</Filter>
    </ClInclude>
    <ClInclude Include="LAZE183.h">
      <Filter>Header Files</Filter>
    </ClInclude>
    <ClInclude Include="ElectronT19101.h">
      <Filter>Header Files</Filter>
    </ClInclude>
    <ClInclude Include="Skoda14Tr.h">
      <Filter>Header Files</Filter>
    </ClInclude>
    <ClInclude Include="BogdanT601.h">
      <Filter>Header Files</Filter>
    </ClInclude>
    <ClInclude Include="ElectronT19102.h">
      <Filter>Header Files</Filter>
    </ClInclude>
    <ClInclude Include="Station.h">
      <Filter>Header Files</Filter>
    </ClInclude>
    <ClInclude Include="Route.h">
      <Filter>Header Files</Filter>
    </ClInclude>
    <ClInclude Include="Trolleybus_Route.h">
      <Filter>Header Files</Filter>
    </ClInclude>
    <ClInclude Include="Full_Trolleybus_Route.h">
      <Filter>Header Files</Filter>
    </ClInclude>
    <ClInclude Include="Tram.h">
      <Filter>Header Files</Filter>
    </ClInclude>
  </ItemGroup>
</Project>